
Microsoft Visual Studio Solution File, Format Version 12.00
Project("{FAE04EC0-301F-11D3-BF4B-00C04F79EFBC}") = "Benchmarks", "Benchmarks\Benchmarks.csproj", "{4EFE1F93-828C-4828-A9D0-90AEA35C64C9}"
EndProject
Project("{FAE04EC0-301F-11D3-BF4B-00C04F79EFBC}") = "ProcessorStock", "ProcessorStock\ProcessorStock.csproj", "{6AA83223-BCCE-43AF-B0E0-52F62FAC5680}"
EndProject
Project("{FAE04EC0-301F-11D3-BF4B-00C04F79EFBC}") = "DataGenerator", "DataGenerator\DataGenerator.csproj", "{00000000-0000-0000-0000-000000000000}"
EndProject
Global
	GlobalSection(SolutionConfigurationPlatforms) = preSolution
		Debug|Any CPU = Debug|Any CPU
		Release|Any CPU = Release|Any CPU
	EndGlobalSection
	GlobalSection(ProjectConfigurationPlatforms) = postSolution
		{4EFE1F93-828C-4828-A9D0-90AEA35C64C9}.Debug|Any CPU.ActiveCfg = Debug|Any CPU
		{4EFE1F93-828C-4828-A9D0-90AEA35C64C9}.Debug|Any CPU.Build.0 = Debug|Any CPU
		{4EFE1F93-828C-4828-A9D0-90AEA35C64C9}.Release|Any CPU.ActiveCfg = Release|Any CPU
		{4EFE1F93-828C-4828-A9D0-90AEA35C64C9}.Release|Any CPU.Build.0 = Release|Any CPU
		{6AA83223-BCCE-43AF-B0E0-52F62FAC5680}.Debug|Any CPU.ActiveCfg = Debug|Any CPU
		{6AA83223-BCCE-43AF-B0E0-52F62FAC5680}.Debug|Any CPU.Build.0 = Debug|Any CPU
		{6AA83223-BCCE-43AF-B0E0-52F62FAC5680}.Release|Any CPU.ActiveCfg = Release|Any CPU
		{6AA83223-BCCE-43AF-B0E0-52F62FAC5680}.Release|Any CPU.Build.0 = Release|Any CPU
		{00000000-0000-0000-0000-000000000000}.Release|Any CPU.ActiveCfg = Release|Any CPU
		{00000000-0000-0000-0000-000000000000}.Release|Any CPU.Build.0 = Release|Any CPU
	EndGlobalSection
EndGlobal
